{
  "lockfileVersion": 1,
  "configVersion": 1,
  "workspaces": {
    "": {
      "name": "@imbios/coding-helper",
      "dependencies": {
        "@anthropic-ai/claude-agent-sdk": "^0.2.29",
        "@anthropic-ai/sdk": "^0.72.1",
        "@inkjs/ui": "^2.0.0",
        "@oclif/core": "^4.8.0",
        "ink": "^6.6.0",
        "jsonc": "^2.0.0",
        "node-fetch": "^3.3.2",
        "react": "^19.2.4",
        "zod": "^4.0.0",
      },
      "devDependencies": {
        "@biomejs/biome": "^2.3.13",
        "@types/bun": "^1.3.8",
        "@types/node": "^24.0.0",
        "@types/react": "^19.2.4",
        "husky": "^9.1.7",
        "typescript": "^5.9.3",
        "ultracite": "^7.1.2",
      },
    },
  },
  "packages": {
    "@alcalzone/ansi-tokenize": ["@alcalzone/ansi-tokenize@0.2.4", "", { "dependencies": { "ansi-styles": "^6.2.1", "is-fullwidth-code-point": "^5.0.0" } }, "sha512-HTgrrTgZ9Jgeo6Z3oqbQ7lifOVvRR14vaDuBGPPUxk9Thm+vObaO4QfYYYWw4Zo5CWQDBEfsinFA6Gre+AqwNQ=="],

    "@anthropic-ai/claude-agent-sdk": ["@anthropic-ai/claude-agent-sdk@0.2.29", "", { "optionalDependencies": { "@img/sharp-darwin-arm64": "^0.33.5", "@img/sharp-darwin-x64": "^0.33.5", "@img/sharp-linux-arm": "^0.33.5", "@img/sharp-linux-arm64": "^0.33.5", "@img/sharp-linux-x64": "^0.33.5", "@img/sharp-linuxmusl-arm64": "^0.33.5", "@img/sharp-linuxmusl-x64": "^0.33.5", "@img/sharp-win32-x64": "^0.33.5" }, "peerDependencies": { "zod": "^4.0.0" } }, "sha512-b+655n4ZqqAiMQEL3P44e9UurkI7WWanWTQQQTEcKngL5YCjjXExEPEJRxrmqp8mQXs0kLErZhObx0ZuwibOhA=="],

    "@anthropic-ai/sdk": ["@anthropic-ai/sdk@0.72.1", "", { "dependencies": { "json-schema-to-ts": "^3.1.1" }, "peerDependencies": { "zod": "^3.25.0 || ^4.0.0" }, "optionalPeers": ["zod"], "bin": { "anthropic-ai-sdk": "bin/cli" } }, "sha512-MiUnue7qN7DvLIoYHgkedN2z05mRf2CutBzjXXY2krzOhG2r/rIfISS2uVkNLikgToB5hYIzw+xp2jdOtRkqYQ=="],

    "@babel/runtime": ["@babel/runtime@7.28.6", "", {}, "sha512-05WQkdpL9COIMz4LjTxGpPNCdlpyimKppYNoJ5Di5EUObifl8t4tuLuUBBZEpoLYOmfvIWrsp9fCl0HoPRVTdA=="],

    "@biomejs/biome": ["@biomejs/biome@2.3.13", "", { "optionalDependencies": { "@biomejs/cli-darwin-arm64": "2.3.13", "@biomejs/cli-darwin-x64": "2.3.13", "@biomejs/cli-linux-arm64": "2.3.13", "@biomejs/cli-linux-arm64-musl": "2.3.13", "@biomejs/cli-linux-x64": "2.3.13", "@biomejs/cli-linux-x64-musl": "2.3.13", "@biomejs/cli-win32-arm64": "2.3.13", "@biomejs/cli-win32-x64": "2.3.13" }, "bin": { "biome": "bin/biome" } }, "sha512-Fw7UsV0UAtWIBIm0M7g5CRerpu1eKyKAXIazzxhbXYUyMkwNrkX/KLkGI7b+uVDQ5cLUMfOC9vR60q9IDYDstA=="],

    "@biomejs/cli-darwin-arm64": ["@biomejs/cli-darwin-arm64@2.3.13", "", { "os": "darwin", "cpu": "arm64" }, "sha512-0OCwP0/BoKzyJHnFdaTk/i7hIP9JHH9oJJq6hrSCPmJPo8JWcJhprK4gQlhFzrwdTBAW4Bjt/RmCf3ZZe59gwQ=="],

    "@biomejs/cli-darwin-x64": ["@biomejs/cli-darwin-x64@2.3.13", "", { "os": "darwin", "cpu": "x64" }, "sha512-AGr8OoemT/ejynbIu56qeil2+F2WLkIjn2d8jGK1JkchxnMUhYOfnqc9sVzcRxpG9Ycvw4weQ5sprRvtb7Yhcw=="],

    "@biomejs/cli-linux-arm64": ["@biomejs/cli-linux-arm64@2.3.13", "", { "os": "linux", "cpu": "arm64" }, "sha512-xvOiFkrDNu607MPMBUQ6huHmBG1PZLOrqhtK6pXJW3GjfVqJg0Z/qpTdhXfcqWdSZHcT+Nct2fOgewZvytESkw=="],

    "@biomejs/cli-linux-arm64-musl": ["@biomejs/cli-linux-arm64-musl@2.3.13", "", { "os": "linux", "cpu": "arm64" }, "sha512-TUdDCSY+Eo/EHjhJz7P2GnWwfqet+lFxBZzGHldrvULr59AgahamLs/N85SC4+bdF86EhqDuuw9rYLvLFWWlXA=="],

    "@biomejs/cli-linux-x64": ["@biomejs/cli-linux-x64@2.3.13", "", { "os": "linux", "cpu": "x64" }, "sha512-s+YsZlgiXNq8XkgHs6xdvKDFOj/bwTEevqEY6rC2I3cBHbxXYU1LOZstH3Ffw9hE5tE1sqT7U23C00MzkXztMw=="],

    "@biomejs/cli-linux-x64-musl": ["@biomejs/cli-linux-x64-musl@2.3.13", "", { "os": "linux", "cpu": "x64" }, "sha512-0bdwFVSbbM//Sds6OjtnmQGp4eUjOTt6kHvR/1P0ieR9GcTUAlPNvPC3DiavTqq302W34Ae2T6u5VVNGuQtGlQ=="],

    "@biomejs/cli-win32-arm64": ["@biomejs/cli-win32-arm64@2.3.13", "", { "os": "win32", "cpu": "arm64" }, "sha512-QweDxY89fq0VvrxME+wS/BXKmqMrOTZlN9SqQ79kQSIc3FrEwvW/PvUegQF6XIVaekncDykB5dzPqjbwSKs9DA=="],

    "@biomejs/cli-win32-x64": ["@biomejs/cli-win32-x64@2.3.13", "", { "os": "win32", "cpu": "x64" }, "sha512-trDw2ogdM2lyav9WFQsdsfdVy1dvZALymRpgmWsvSez0BJzBjulhOT/t+wyKeh3pZWvwP3VMs1SoOKwO3wecMQ=="],

    "@clack/core": ["@clack/core@0.5.0", "", { "dependencies": { "picocolors": "^1.0.0", "sisteransi": "^1.0.5" } }, "sha512-p3y0FIOwaYRUPRcMO7+dlmLh8PSRcrjuTndsiA0WAFbWES0mLZlrjVoBRZ9DzkPFJZG6KGkJmoEAY0ZcVWTkow=="],

    "@clack/prompts": ["@clack/prompts@0.11.0", "", { "dependencies": { "@clack/core": "0.5.0", "picocolors": "^1.0.0", "sisteransi": "^1.0.5" } }, "sha512-pMN5FcrEw9hUkZA4f+zLlzivQSeQf5dRGJjSUbvVYDLvpKCdQx5OaknvKzgbtXOizhP+SJJJjqEbOe55uKKfAw=="],

    "@img/sharp-darwin-arm64": ["@img/sharp-darwin-arm64@0.33.5", "", { "optionalDependencies": { "@img/sharp-libvips-darwin-arm64": "1.0.4" }, "os": "darwin", "cpu": "arm64" }, "sha512-UT4p+iz/2H4twwAoLCqfA9UH5pI6DggwKEGuaPy7nCVQ8ZsiY5PIcrRvD1DzuY3qYL07NtIQcWnBSY/heikIFQ=="],

    "@img/sharp-darwin-x64": ["@img/sharp-darwin-x64@0.33.5", "", { "optionalDependencies": { "@img/sharp-libvips-darwin-x64": "1.0.4" }, "os": "darwin", "cpu": "x64" }, "sha512-fyHac4jIc1ANYGRDxtiqelIbdWkIuQaI84Mv45KvGRRxSAa7o7d1ZKAOBaYbnepLC1WqxfpimdeWfvqqSGwR2Q=="],

    "@img/sharp-libvips-darwin-arm64": ["@img/sharp-libvips-darwin-arm64@1.0.4", "", { "os": "darwin", "cpu": "arm64" }, "sha512-XblONe153h0O2zuFfTAbQYAX2JhYmDHeWikp1LM9Hul9gVPjFY427k6dFEcOL72O01QxQsWi761svJ/ev9xEDg=="],

    "@img/sharp-libvips-darwin-x64": ["@img/sharp-libvips-darwin-x64@1.0.4", "", { "os": "darwin", "cpu": "x64" }, "sha512-xnGR8YuZYfJGmWPvmlunFaWJsb9T/AO2ykoP3Fz/0X5XV2aoYBPkX6xqCQvUTKKiLddarLaxpzNe+b1hjeWHAQ=="],

    "@img/sharp-libvips-linux-arm": ["@img/sharp-libvips-linux-arm@1.0.5", "", { "os": "linux", "cpu": "arm" }, "sha512-gvcC4ACAOPRNATg/ov8/MnbxFDJqf/pDePbBnuBDcjsI8PssmjoKMAz4LtLaVi+OnSb5FK/yIOamqDwGmXW32g=="],

    "@img/sharp-libvips-linux-arm64": ["@img/sharp-libvips-linux-arm64@1.0.4", "", { "os": "linux", "cpu": "arm64" }, "sha512-9B+taZ8DlyyqzZQnoeIvDVR/2F4EbMepXMc/NdVbkzsJbzkUjhXv/70GQJ7tdLA4YJgNP25zukcxpX2/SueNrA=="],

    "@img/sharp-libvips-linux-x64": ["@img/sharp-libvips-linux-x64@1.0.4", "", { "os": "linux", "cpu": "x64" }, "sha512-MmWmQ3iPFZr0Iev+BAgVMb3ZyC4KeFc3jFxnNbEPas60e1cIfevbtuyf9nDGIzOaW9PdnDciJm+wFFaTlj5xYw=="],

    "@img/sharp-libvips-linuxmusl-arm64": ["@img/sharp-libvips-linuxmusl-arm64@1.0.4", "", { "os": "linux", "cpu": "arm64" }, "sha512-9Ti+BbTYDcsbp4wfYib8Ctm1ilkugkA/uscUn6UXK1ldpC1JjiXbLfFZtRlBhjPZ5o1NCLiDbg8fhUPKStHoTA=="],

    "@img/sharp-libvips-linuxmusl-x64": ["@img/sharp-libvips-linuxmusl-x64@1.0.4", "", { "os": "linux", "cpu": "x64" }, "sha512-viYN1KX9m+/hGkJtvYYp+CCLgnJXwiQB39damAO7WMdKWlIhmYTfHjwSbQeUK/20vY154mwezd9HflVFM1wVSw=="],

    "@img/sharp-linux-arm": ["@img/sharp-linux-arm@0.33.5", "", { "optionalDependencies": { "@img/sharp-libvips-linux-arm": "1.0.5" }, "os": "linux", "cpu": "arm" }, "sha512-JTS1eldqZbJxjvKaAkxhZmBqPRGmxgu+qFKSInv8moZ2AmT5Yib3EQ1c6gp493HvrvV8QgdOXdyaIBrhvFhBMQ=="],

    "@img/sharp-linux-arm64": ["@img/sharp-linux-arm64@0.33.5", "", { "optionalDependencies": { "@img/sharp-libvips-linux-arm64": "1.0.4" }, "os": "linux", "cpu": "arm64" }, "sha512-JMVv+AMRyGOHtO1RFBiJy/MBsgz0x4AWrT6QoEVVTyh1E39TrCUpTRI7mx9VksGX4awWASxqCYLCV4wBZHAYxA=="],

    "@img/sharp-linux-x64": ["@img/sharp-linux-x64@0.33.5", "", { "optionalDependencies": { "@img/sharp-libvips-linux-x64": "1.0.4" }, "os": "linux", "cpu": "x64" }, "sha512-opC+Ok5pRNAzuvq1AG0ar+1owsu842/Ab+4qvU879ippJBHvyY5n2mxF1izXqkPYlGuP/M556uh53jRLJmzTWA=="],

    "@img/sharp-linuxmusl-arm64": ["@img/sharp-linuxmusl-arm64@0.33.5", "", { "optionalDependencies": { "@img/sharp-libvips-linuxmusl-arm64": "1.0.4" }, "os": "linux", "cpu": "arm64" }, "sha512-XrHMZwGQGvJg2V/oRSUfSAfjfPxO+4DkiRh6p2AFjLQztWUuY/o8Mq0eMQVIY7HJ1CDQUJlxGGZRw1a5bqmd1g=="],

    "@img/sharp-linuxmusl-x64": ["@img/sharp-linuxmusl-x64@0.33.5", "", { "optionalDependencies": { "@img/sharp-libvips-linuxmusl-x64": "1.0.4" }, "os": "linux", "cpu": "x64" }, "sha512-WT+d/cgqKkkKySYmqoZ8y3pxx7lx9vVejxW/W4DOFMYVSkErR+w7mf2u8m/y4+xHe7yY9DAXQMWQhpnMuFfScw=="],

    "@img/sharp-win32-x64": ["@img/sharp-win32-x64@0.33.5", "", { "os": "win32", "cpu": "x64" }, "sha512-MpY/o8/8kj+EcnxwvrP4aTJSWw/aZ7JIGR4aBeZkZw5B7/Jn+tY9/VNwtcoGmdT7GfggGIU4kygOMSbYnOrAbg=="],

    "@inkjs/ui": ["@inkjs/ui@2.0.0", "", { "dependencies": { "chalk": "^5.3.0", "cli-spinners": "^3.0.0", "deepmerge": "^4.3.1", "figures": "^6.1.0" }, "peerDependencies": { "ink": ">=5" } }, "sha512-5+8fJmwtF9UvikzLfph9sA+LS+l37Ij/szQltkuXLOAXwNkBX9innfzh4pLGXIB59vKEQUtc6D4qGvhD7h3pAg=="],

    "@isaacs/balanced-match": ["@isaacs/balanced-match@4.0.1", "", {}, "sha512-yzMTt9lEb8Gv7zRioUilSglI0c0smZ9k5D65677DLWLtWJaXIS3CqcGyUFByYKlnUj6TkjLVs54fBl6+TiGQDQ=="],

    "@isaacs/brace-expansion": ["@isaacs/brace-expansion@5.0.0", "", { "dependencies": { "@isaacs/balanced-match": "^4.0.1" } }, "sha512-ZT55BDLV0yv0RBm2czMiZ+SqCGO7AvmOM3G/w2xhVPH+te0aKgFjmBvGlL1dH+ql2tgGO3MVrbb3jCKyvpgnxA=="],

    "@oclif/core": ["@oclif/core@4.8.0", "", { "dependencies": { "ansi-escapes": "^4.3.2", "ansis": "^3.17.0", "clean-stack": "^3.0.1", "cli-spinners": "^2.9.2", "debug": "^4.4.3", "ejs": "^3.1.10", "get-package-type": "^0.1.0", "indent-string": "^4.0.0", "is-wsl": "^2.2.0", "lilconfig": "^3.1.3", "minimatch": "^9.0.5", "semver": "^7.7.3", "string-width": "^4.2.3", "supports-color": "^8", "tinyglobby": "^0.2.14", "widest-line": "^3.1.0", "wordwrap": "^1.0.0", "wrap-ansi": "^7.0.0" } }, "sha512-jteNUQKgJHLHFbbz806aGZqf+RJJ7t4gwF4MYa8fCwCxQ8/klJNWc0MvaJiBebk7Mc+J39mdlsB4XraaCKznFw=="],

    "@types/bun": ["@types/bun@1.3.8", "", { "dependencies": { "bun-types": "1.3.8" } }, "sha512-3LvWJ2q5GerAXYxO2mffLTqOzEu5qnhEAlh48Vnu8WQfnmSwbgagjGZV6BoHKJztENYEDn6QmVd949W4uESRJA=="],

    "@types/node": ["@types/node@24.10.9", "", { "dependencies": { "undici-types": "~7.16.0" } }, "sha512-ne4A0IpG3+2ETuREInjPNhUGis1SFjv1d5asp8MzEAGtOZeTeHVDOYqOgqfhvseqg/iXty2hjBf1zAOb7RNiNw=="],

    "@types/react": ["@types/react@19.2.10", "", { "dependencies": { "csstype": "^3.2.2" } }, "sha512-WPigyYuGhgZ/cTPRXB2EwUw+XvsRA3GqHlsP4qteqrnnjDrApbS7MxcGr/hke5iUoeB7E/gQtrs9I37zAJ0Vjw=="],

    "ansi-escapes": ["ansi-escapes@4.3.2", "", { "dependencies": { "type-fest": "^0.21.3" } }, "sha512-gKXj5ALrKWQLsYG9jlTRmR/xKluxHV+Z9QEwNIgCfM1/uwPMCuzVVnh5mwTd+OuBZcwSIMbqssNWRm1lE51QaQ=="],

    "ansi-regex": ["ansi-regex@5.0.1", "", {}, "sha512-quJQXlTSUGL2LH9SUXo8VwsY4soanhgo6LNSm84E1LBcE8s3O0wpdiRzyR9z/ZZJMlMWv37qOOb9pdJlMUEKFQ=="],

    "ansi-styles": ["ansi-styles@6.2.3", "", {}, "sha512-4Dj6M28JB+oAH8kFkTLUo+a2jwOFkuqb3yucU0CANcRRUbxS0cP0nZYCGjcc3BNXwRIsUVmDGgzawme7zvJHvg=="],

    "ansis": ["ansis@3.17.0", "", {}, "sha512-0qWUglt9JEqLFr3w1I1pbrChn1grhaiAR2ocX1PP/flRmxgtwTzPFFFnfIlD6aMOLQZgSuCRlidD70lvx8yhzg=="],

    "async": ["async@3.2.6", "", {}, "sha512-htCUDlxyyCLMgaM3xXg0C0LW2xqfuQ6p05pCEIsXuyQ+a1koYKTuBMzRNwmybfLgvJDMd0r1LTn4+E0Ti6C2AA=="],

    "auto-bind": ["auto-bind@5.0.1", "", {}, "sha512-ooviqdwwgfIfNmDwo94wlshcdzfO64XV0Cg6oDsDYBJfITDz1EngD2z7DkbvCWn+XIMsIqW27sEVF6qcpJrRcg=="],

    "balanced-match": ["balanced-match@1.0.2", "", {}, "sha512-3oSeUO0TMV67hN1AmbXsK4yaqU7tjiHlbxRDZOpH0KW9+CeX4bRAaX0Anxt0tx2MrpRpWwQaPwIlISEJhYU5Pw=="],

    "brace-expansion": ["brace-expansion@2.0.2", "", { "dependencies": { "balanced-match": "^1.0.0" } }, "sha512-Jt0vHyM+jmUBqojB7E1NIYadt0vI0Qxjxd2TErW94wDz+E2LAm5vKMXXwg6ZZBTHPuUlDgQHKXvjGBdfcF1ZDQ=="],

    "bun-types": ["bun-types@1.3.8", "", { "dependencies": { "@types/node": "*" } }, "sha512-fL99nxdOWvV4LqjmC+8Q9kW3M4QTtTR1eePs94v5ctGqU8OeceWrSUaRw3JYb7tU3FkMIAjkueehrHPPPGKi5Q=="],

    "chalk": ["chalk@5.6.2", "", {}, "sha512-7NzBL0rN6fMUW+f7A6Io4h40qQlG+xGmtMxfbnH/K7TAtt8JQWVQK+6g0UXKMeVJoyV5EkkNsErQ8pVD3bLHbA=="],

    "citty": ["citty@0.2.0", "", {}, "sha512-8csy5IBFI2ex2hTVpaHN2j+LNE199AgiI7y4dMintrr8i0lQiFn+0AWMZrWdHKIgMOer65f8IThysYhoReqjWA=="],

    "clean-stack": ["clean-stack@3.0.1", "", { "dependencies": { "escape-string-regexp": "4.0.0" } }, "sha512-lR9wNiMRcVQjSB3a7xXGLuz4cr4wJuuXlaAEbRutGowQTmlp7R72/DOgN21e8jdwblMWl9UOJMJXarX94pzKdg=="],

    "cli-boxes": ["cli-boxes@3.0.0", "", {}, "sha512-/lzGpEWL/8PfI0BmBOPRwp0c/wFNX1RdUML3jK/RcSBA9T8mZDdQpqYBKtCFTOfQbwPqWEOpjqW+Fnayc0969g=="],

    "cli-cursor": ["cli-cursor@4.0.0", "", { "dependencies": { "restore-cursor": "^4.0.0" } }, "sha512-VGtlMu3x/4DOtIUwEkRezxUZ2lBacNJCHash0N0WeZDBS+7Ux1dm3XWAgWYxLJFMMdOeXMHXorshEFhbMSGelg=="],

    "cli-spinners": ["cli-spinners@3.4.0", "", {}, "sha512-bXfOC4QcT1tKXGorxL3wbJm6XJPDqEnij2gQ2m7ESQuE+/z9YFIWnl/5RpTiKWbMq3EVKR4fRLJGn6DVfu0mpw=="],

    "cli-truncate": ["cli-truncate@5.1.1", "", { "dependencies": { "slice-ansi": "^7.1.0", "string-width": "^8.0.0" } }, "sha512-SroPvNHxUnk+vIW/dOSfNqdy1sPEFkrTk6TUtqLCnBlo3N7TNYYkzzN7uSD6+jVjrdO4+p8nH7JzH6cIvUem6A=="],

    "code-excerpt": ["code-excerpt@4.0.0", "", { "dependencies": { "convert-to-spaces": "^2.0.1" } }, "sha512-xxodCmBen3iy2i0WtAK8FlFNrRzjUqjRsMfho58xT/wvZU1YTM3fCnRjcy1gJPMepaRlgm/0e6w8SpWHpn3/cA=="],

    "color-convert": ["color-convert@2.0.1", "", { "dependencies": { "color-name": "~1.1.4" } }, "sha512-RRECPsj7iu/xb5oKYcsFHSppFNnsj/52OVTRKb4zP5onXwVF3zVmmToNcOfGC+CRDpfK/U584fMg38ZHCaElKQ=="],

    "color-name": ["color-name@1.1.4", "", {}, "sha512-dOy+3AuW3a2wNbZHIuMZpTcgjGuLU/uBL/ubcZF9OXbDo8ff4O8yVp5Bf0efS8uEoYo5q4Fx7dY9OgQGXgAsQA=="],

    "commander": ["commander@14.0.3", "", {}, "sha512-H+y0Jo/T1RZ9qPP4Eh1pkcQcLRglraJaSLoyOtHxu6AapkjWVCy2Sit1QQ4x3Dng8qDlSsZEet7g5Pq06MvTgw=="],

    "convert-to-spaces": ["convert-to-spaces@2.0.1", "", {}, "sha512-rcQ1bsQO9799wq24uE5AM2tAILy4gXGIK/njFWcVQkGNZ96edlpY+A7bjwvzjYvLDyzmG1MmMLZhpcsb+klNMQ=="],

    "csstype": ["csstype@3.2.3", "", {}, "sha512-z1HGKcYy2xA8AGQfwrn0PAy+PB7X/GSj3UVJW9qKyn43xWa+gl5nXmU4qqLMRzWVLFC8KusUX8T/0kCiOYpAIQ=="],

    "data-uri-to-buffer": ["data-uri-to-buffer@4.0.1", "", {}, "sha512-0R9ikRb668HB7QDxT1vkpuUBtqc53YyAwMwGeUFKRojY/NWKvdZ+9UYtRfGmhqNbRkTSVpMbmyhXipFFv2cb/A=="],

    "debug": ["debug@4.4.3", "", { "dependencies": { "ms": "^2.1.3" } }, "sha512-RGwwWnwQvkVfavKVt22FGLw+xYSdzARwm0ru6DhTVA3umU5hZc28V3kO4stgYryrTlLpuvgI9GiijltAjNbcqA=="],

    "deepmerge": ["deepmerge@4.3.1", "", {}, "sha512-3sUqbMEc77XqpdNO7FRyRog+eW3ph+GYCbj+rK+uYyRMuwsVy0rMiVtPn+QJlKFvWP/1PYpapqYn0Me2knFn+A=="],

    "ejs": ["ejs@3.1.10", "", { "dependencies": { "jake": "^10.8.5" }, "bin": { "ejs": "bin/cli.js" } }, "sha512-UeJmFfOrAQS8OJWPZ4qtgHyWExa088/MtK5UEyoJGFH67cDEXkZSviOiKRCZ4Xij0zxI3JECgYs3oKx+AizQBA=="],

    "emoji-regex": ["emoji-regex@8.0.0", "", {}, "sha512-MSjYzcWNOA0ewAHpz0MxpYFvwg6yjy1NG3xteoqz644VCo/RPgnr1/GGt+ic3iJTzQ8Eu3TdM14SawnVUmGE6A=="],

    "environment": ["environment@1.1.0", "", {}, "sha512-xUtoPkMggbz0MPyPiIWr1Kp4aeWJjDZ6SMvURhimjdZgsRuDplF5/s9hcgGhyXMhs+6vpnuoiZ2kFiu3FMnS8Q=="],

    "error-ex": ["error-ex@1.3.4", "", { "dependencies": { "is-arrayish": "^0.2.1" } }, "sha512-sqQamAnR14VgCr1A618A3sGrygcpK+HEbenA/HiEAkkUwcZIIB/tgWqHFxWgOyDh4nB4JCRimh79dR5Ywc9MDQ=="],

    "es-toolkit": ["es-toolkit@1.44.0", "", {}, "sha512-6penXeZalaV88MM3cGkFZZfOoLGWshWWfdy0tWw/RlVVyhvMaWSBTOvXNeiW3e5FwdS5ePW0LGEu17zT139ktg=="],

    "escape-string-regexp": ["escape-string-regexp@4.0.0", "", {}, "sha512-TtpcNJ3XAzx3Gq8sWRzJaVajRs0uVxA2YAkdb1jm2YkPz4G6egUFAyA3n5vtEIZefPk5Wa4UXbKuS5fKkJWdgA=="],

    "fast-safe-stringify": ["fast-safe-stringify@2.1.1", "", {}, "sha512-W+KJc2dmILlPplD/H4K9l9LcAHAfPtP6BY84uVLXQ6Evcz9Lcg33Y2z1IVblT6xdY54PXYVHEv+0Wpq8Io6zkA=="],

    "fdir": ["fdir@6.5.0", "", { "peerDependencies": { "picomatch": "^3 || ^4" }, "optionalPeers": ["picomatch"] }, "sha512-tIbYtZbucOs0BRGqPJkshJUYdL+SDH7dVM8gjy+ERp3WAUjLEFJE+02kanyHtwjWOnwrKYBiwAmM0p4kLJAnXg=="],

    "fetch-blob": ["fetch-blob@3.2.0", "", { "dependencies": { "node-domexception": "^1.0.0", "web-streams-polyfill": "^3.0.3" } }, "sha512-7yAQpD2UMJzLi1Dqv7qFYnPbaPx7ZfFK6PiIxQ4PfkGPyNyl2Ugx+a/umUonmKqjhM4DnfbMvdX6otXq83soQQ=="],

    "figures": ["figures@6.1.0", "", { "dependencies": { "is-unicode-supported": "^2.0.0" } }, "sha512-d+l3qxjSesT4V7v2fh+QnmFnUWv9lSpjarhShNTgBOfA0ttejbQUAlHLitbjkoRiDulW0OPoQPYIGhIC8ohejg=="],

    "filelist": ["filelist@1.0.4", "", { "dependencies": { "minimatch": "^5.0.1" } }, "sha512-w1cEuf3S+DrLCQL7ET6kz+gmlJdbq9J7yXCSjK/OZCPA+qEN1WyF4ZAf0YYJa4/shHJra2t/d/r8SV4Ji+x+8Q=="],

    "formdata-polyfill": ["formdata-polyfill@4.0.10", "", { "dependencies": { "fetch-blob": "^3.1.2" } }, "sha512-buewHzMvYL29jdeQTVILecSaZKnt/RJWjoZCF5OW60Z67/GmSLBkOFM7qh1PI3zFNtJbaZL5eQu1vLfazOwj4g=="],

    "get-east-asian-width": ["get-east-asian-width@1.4.0", "", {}, "sha512-QZjmEOC+IT1uk6Rx0sX22V6uHWVwbdbxf1faPqJ1QhLdGgsRGCZoyaQBm/piRdJy/D2um6hM1UP7ZEeQ4EkP+Q=="],

    "get-package-type": ["get-package-type@0.1.0", "", {}, "sha512-pjzuKtY64GYfWizNAJ0fr9VqttZkNiK2iS430LtIHzjBEr6bX8Am2zm4sW4Ro5wjWW5cAlRL1qAMTcXbjNAO2Q=="],

    "glob": ["glob@13.0.0", "", { "dependencies": { "minimatch": "^10.1.1", "minipass": "^7.1.2", "path-scurry": "^2.0.0" } }, "sha512-tvZgpqk6fz4BaNZ66ZsRaZnbHvP/jG3uKJvAZOwEVUL4RTA5nJeeLYfyN9/VA8NX/V3IBG+hkeuGpKjvELkVhA=="],

    "graceful-fs": ["graceful-fs@4.2.11", "", {}, "sha512-RbJ5/jmFcNNCcDV5o9eTnBLJ/HszWV0P73bc+Ff4nS/rJj+YaS6IGyiOL0VoBYX+l1Wrl3k63h/KrH+nhJ0XvQ=="],

    "has-flag": ["has-flag@4.0.0", "", {}, "sha512-EykJT/Q1KjTWctppgIAgfSO0tKVuZUjhgMr17kqTumMl6Afv3EISleU7qZUzoXDFTAHTDC4NOoG/ZxU3EvlMPQ=="],

    "husky": ["husky@9.1.7", "", { "bin": { "husky": "bin.js" } }, "sha512-5gs5ytaNjBrh5Ow3zrvdUUY+0VxIuWVL4i9irt6friV+BqdCfmV11CQTWMiBYWHbXhco+J1kHfTOUkePhCDvMA=="],

    "indent-string": ["indent-string@4.0.0", "", {}, "sha512-EdDDZu4A2OyIK7Lr/2zG+w5jmbuk1DVBnEwREQvBzspBJkCEbRa8GxU1lghYcaGJCnRWibjDXlq779X1/y5xwg=="],

    "ink": ["ink@6.6.0", "", { "dependencies": { "@alcalzone/ansi-tokenize": "^0.2.1", "ansi-escapes": "^7.2.0", "ansi-styles": "^6.2.1", "auto-bind": "^5.0.1", "chalk": "^5.6.0", "cli-boxes": "^3.0.0", "cli-cursor": "^4.0.0", "cli-truncate": "^5.1.1", "code-excerpt": "^4.0.0", "es-toolkit": "^1.39.10", "indent-string": "^5.0.0", "is-in-ci": "^2.0.0", "patch-console": "^2.0.0", "react-reconciler": "^0.33.0", "signal-exit": "^3.0.7", "slice-ansi": "^7.1.0", "stack-utils": "^2.0.6", "string-width": "^8.1.0", "type-fest": "^4.27.0", "widest-line": "^5.0.0", "wrap-ansi": "^9.0.0", "ws": "^8.18.0", "yoga-layout": "~3.2.1" }, "peerDependencies": { "@types/react": ">=19.0.0", "react": ">=19.0.0", "react-devtools-core": "^6.1.2" }, "optionalPeers": ["@types/react", "react-devtools-core"] }, "sha512-QDt6FgJxgmSxAelcOvOHUvFxbIUjVpCH5bx+Slvc5m7IEcpGt3dYwbz/L+oRnqEGeRvwy1tineKK4ect3nW1vQ=="],

    "is-arrayish": ["is-arrayish@0.2.1", "", {}, "sha512-zz06S8t0ozoDXMG+ube26zeCTNXcKIPJZJi8hBrF4idCLms4CG9QtK7qBl1boi5ODzFpjswb5JPmHCbMpjaYzg=="],

    "is-docker": ["is-docker@2.2.1", "", { "bin": { "is-docker": "cli.js" } }, "sha512-F+i2BKsFrH66iaUFc0woD8sLy8getkwTwtOBjvs56Cx4CgJDeKQeqfz8wAYiSb8JOprWhHH5p77PbmYCvvUuXQ=="],

    "is-fullwidth-code-point": ["is-fullwidth-code-point@3.0.0", "", {}, "sha512-zymm5+u+sCsSWyD9qNaejV3DFvhCKclKdizYaJUuHA83RLjb7nSuGnddCHGv0hk+KY7BMAlsWeK4Ueg6EV6XQg=="],

    "is-in-ci": ["is-in-ci@2.0.0", "", { "bin": { "is-in-ci": "cli.js" } }, "sha512-cFeerHriAnhrQSbpAxL37W1wcJKUUX07HyLWZCW1URJT/ra3GyUTzBgUnh24TMVfNTV2Hij2HLxkPHFZfOZy5w=="],

    "is-unicode-supported": ["is-unicode-supported@2.1.0", "", {}, "sha512-mE00Gnza5EEB3Ds0HfMyllZzbBrmLOX3vfWoj9A9PEnTfratQ/BcaJOuMhnkhjXvb2+FkY3VuHqtAGpTPmglFQ=="],

    "is-wsl": ["is-wsl@2.2.0", "", { "dependencies": { "is-docker": "^2.0.0" } }, "sha512-fKzAra0rGJUUBwGBgNkHZuToZcn+TtXHpeCgmkMJMMYx1sQDYaCSyjJBSCa2nH1DGm7s3n1oBnohoVTBaN7Lww=="],

    "jake": ["jake@10.9.4", "", { "dependencies": { "async": "^3.2.6", "filelist": "^1.0.4", "picocolors": "^1.1.1" }, "bin": { "jake": "bin/cli.js" } }, "sha512-wpHYzhxiVQL+IV05BLE2Xn34zW1S223hvjtqk0+gsPrwd/8JNLXJgZZM/iPFsYc1xyphF+6M6EvdE5E9MBGkDA=="],

    "json-parse-better-errors": ["json-parse-better-errors@1.0.2", "", {}, "sha512-mrqyZKfX5EhL7hvqcV6WG1yYjnjeuYDzDhhcAAUrq8Po85NBQBJP+ZDUT75qZQ98IkUoBqdkExkukOU7Ts2wrw=="],

    "json-schema-to-ts": ["json-schema-to-ts@3.1.1", "", { "dependencies": { "@babel/runtime": "^7.18.3", "ts-algebra": "^2.0.0" } }, "sha512-+DWg8jCJG2TEnpy7kOm/7/AxaYoaRbjVB4LFZLySZlWn8exGs3A4OLJR966cVvU26N7X9TWxl+Jsw7dzAqKT6g=="],

    "jsonc": ["jsonc@2.0.0", "", { "dependencies": { "fast-safe-stringify": "^2.0.6", "graceful-fs": "^4.1.15", "mkdirp": "^0.5.1", "parse-json": "^4.0.0", "strip-bom": "^4.0.0", "strip-json-comments": "^3.0.1" } }, "sha512-B281bLCT2TRMQa+AQUQY5AGcqSOXBOKaYGP4wDzoA/+QswUfN8sODektbPEs9Baq7LGKun5jQbNFpzwGuVYKhw=="],

    "jsonc-parser": ["jsonc-parser@3.3.1", "", {}, "sha512-HUgH65KyejrUFPvHFPbqOY0rsFip3Bo5wb4ngvdi1EpCYWUQDC5V+Y7mZws+DLkr4M//zQJoanu1SP+87Dv1oQ=="],

    "lilconfig": ["lilconfig@3.1.3", "", {}, "sha512-/vlFKAoH5Cgt3Ie+JLhRbwOsCQePABiU3tJ1egGvyQ+33R/vcwM2Zl2QR/LzjsBeItPt3oSVXapn+m4nQDvpzw=="],

    "lru-cache": ["lru-cache@11.2.5", "", {}, "sha512-vFrFJkWtJvJnD5hg+hJvVE8Lh/TcMzKnTgCWmtBipwI5yLX/iX+5UB2tfuyODF5E7k9xEzMdYgGqaSb1c0c5Yw=="],

    "mimic-fn": ["mimic-fn@2.1.0", "", {}, "sha512-OqbOk5oEQeAZ8WXWydlu9HJjz9WVdEIvamMCcXmuqUYjTknH/sqsWvhQ3vgwKFRR1HpjvNBKQ37nbJgYzGqGcg=="],

    "minimatch": ["minimatch@9.0.5", "", { "dependencies": { "brace-expansion": "^2.0.1" } }, "sha512-G6T0ZX48xgozx7587koeX9Ys2NYy6Gmv//P89sEte9V9whIapMNF4idKxnW2QtCcLiTWlb/wfCabAtAFWhhBow=="],

    "minimist": ["minimist@1.2.8", "", {}, "sha512-2yyAR8qBkN3YuheJanUpWC5U3bb5osDywNB8RzDVlDwDHbocAJveqqj1u8+SVD7jkWT4yvsHCpWqqWqAxb0zCA=="],

    "minipass": ["minipass@7.1.2", "", {}, "sha512-qOOzS1cBTWYF4BH8fVePDBOO9iptMnGUEZwNc/cMWnTV2nVLZ7VoNWEPHkYczZA0pdoA7dl6e7FL659nX9S2aw=="],

    "mkdirp": ["mkdirp@0.5.6", "", { "dependencies": { "minimist": "^1.2.6" }, "bin": { "mkdirp": "bin/cmd.js" } }, "sha512-FP+p8RB8OWpF3YZBCrP5gtADmtXApB5AMLn+vdyA+PyxCjrCs00mjyUozssO33cwDeT3wNGdLxJ5M//YqtHAJw=="],

    "ms": ["ms@2.1.3", "", {}, "sha512-6FlzubTLZG3J2a/NVCAleEhjzq5oxgHyaCU9yYXvcLsvoVaHJq/s5xXI6/XXP6tz7R9xAOtHnSO/tXtF3WRTlA=="],

    "node-domexception": ["node-domexception@1.0.0", "", {}, "sha512-/jKZoMpw0F8GRwl4/eLROPA3cfcXtLApP0QzLmUT/HuPCZWyB7IY9ZrMeKw2O/nFIqPQB3PVM9aYm0F312AXDQ=="],

    "node-fetch": ["node-fetch@3.3.2", "", { "dependencies": { "data-uri-to-buffer": "^4.0.0", "fetch-blob": "^3.1.4", "formdata-polyfill": "^4.0.10" } }, "sha512-dRB78srN/l6gqWulah9SrxeYnxeddIG30+GOqK/9OlLVyLg3HPnr6SqOWTWOXKRwC2eGYCkZ59NNuSgvSrpgOA=="],

    "nypm": ["nypm@0.6.4", "", { "dependencies": { "citty": "^0.2.0", "pathe": "^2.0.3", "tinyexec": "^1.0.2" }, "bin": { "nypm": "dist/cli.mjs" } }, "sha512-1TvCKjZyyklN+JJj2TS3P4uSQEInrM/HkkuSXsEzm1ApPgBffOn8gFguNnZf07r/1X6vlryfIqMUkJKQMzlZiw=="],

    "onetime": ["onetime@5.1.2", "", { "dependencies": { "mimic-fn": "^2.1.0" } }, "sha512-kbpaSSGJTWdAY5KPVeMOKXSrPtr8C8C7wodJbcsd51jRnmD+GZu8Y0VoU6Dm5Z4vWr0Ig/1NKuWRKf7j5aaYSg=="],

    "parse-json": ["parse-json@4.0.0", "", { "dependencies": { "error-ex": "^1.3.1", "json-parse-better-errors": "^1.0.1" } }, "sha512-aOIos8bujGN93/8Ox/jPLh7RwVnPEysynVFE+fQZyg6jKELEHwzgKdLRFHUgXJL6kylijVSBC4BvN9OmsB48Rw=="],

    "patch-console": ["patch-console@2.0.0", "", {}, "sha512-0YNdUceMdaQwoKce1gatDScmMo5pu/tfABfnzEqeG0gtTmd7mh/WcwgUjtAeOU7N8nFFlbQBnFK2gXW5fGvmMA=="],

    "path-scurry": ["path-scurry@2.0.1", "", { "dependencies": { "lru-cache": "^11.0.0", "minipass": "^7.1.2" } }, "sha512-oWyT4gICAu+kaA7QWk/jvCHWarMKNs6pXOGWKDTr7cw4IGcUbW+PeTfbaQiLGheFRpjo6O9J0PmyMfQPjH71oA=="],

    "pathe": ["pathe@2.0.3", "", {}, "sha512-WUjGcAqP1gQacoQe+OBJsFA7Ld4DyXuUIjZ5cc75cLHvJ7dtNsTugphxIADwspS+AraAUePCKrSVtPLFj/F88w=="],

    "picocolors": ["picocolors@1.1.1", "", {}, "sha512-xceH2snhtb5M9liqDsmEw56le376mTZkEX/jEb/RxNFyegNul7eNslCXP9FDj/Lcu0X8KEyMceP2ntpaHrDEVA=="],

    "picomatch": ["picomatch@4.0.3", "", {}, "sha512-5gTmgEY/sqK6gFXLIsQNH19lWb4ebPDLA4SdLP7dsWkIXHWlG66oPuVvXSGFPppYZz8ZDZq0dYYrbHfBCVUb1Q=="],

    "react": ["react@19.2.4", "", {}, "sha512-9nfp2hYpCwOjAN+8TZFGhtWEwgvWHXqESH8qT89AT/lWklpLON22Lc8pEtnpsZz7VmawabSU0gCjnj8aC0euHQ=="],

    "react-reconciler": ["react-reconciler@0.33.0", "", { "dependencies": { "scheduler": "^0.27.0" }, "peerDependencies": { "react": "^19.2.0" } }, "sha512-KetWRytFv1epdpJc3J4G75I4WrplZE5jOL7Yq0p34+OVOKF4Se7WrdIdVC45XsSSmUTlht2FM/fM1FZb1mfQeA=="],

    "restore-cursor": ["restore-cursor@4.0.0", "", { "dependencies": { "onetime": "^5.1.0", "signal-exit": "^3.0.2" } }, "sha512-I9fPXU9geO9bHOt9pHHOhOkYerIMsmVaWB0rA2AI9ERh/+x/i7MV5HKBNrg+ljO5eoPVgCcnFuRjJ9uH6I/3eg=="],

    "scheduler": ["scheduler@0.27.0", "", {}, "sha512-eNv+WrVbKu1f3vbYJT/xtiF5syA5HPIMtf9IgY/nKg0sWqzAUEvqY/xm7OcZc/qafLx/iO9FgOmeSAp4v5ti/Q=="],

    "semver": ["semver@7.7.3", "", { "bin": { "semver": "bin/semver.js" } }, "sha512-SdsKMrI9TdgjdweUSR9MweHA4EJ8YxHn8DFaDisvhVlUOe4BF1tLD7GAj0lIqWVl+dPb/rExr0Btby5loQm20Q=="],

    "signal-exit": ["signal-exit@3.0.7", "", {}, "sha512-wnD2ZE+l+SPC/uoS0vXeE9L1+0wuaMqKlfz9AMUo38JsyLSBWSFcHR1Rri62LZc12vLr1gb3jl7iwQhgwpAbGQ=="],

    "sisteransi": ["sisteransi@1.0.5", "", {}, "sha512-bLGGlR1QxBcynn2d5YmDX4MGjlZvy2MRBDRNHLJ8VI6l6+9FUiyTFNJ0IveOSP0bcXgVDPRcfGqA0pjaqUpfVg=="],

    "slice-ansi": ["slice-ansi@7.1.2", "", { "dependencies": { "ansi-styles": "^6.2.1", "is-fullwidth-code-point": "^5.0.0" } }, "sha512-iOBWFgUX7caIZiuutICxVgX1SdxwAVFFKwt1EvMYYec/NWO5meOJ6K5uQxhrYBdQJne4KxiqZc+KptFOWFSI9w=="],

    "stack-utils": ["stack-utils@2.0.6", "", { "dependencies": { "escape-string-regexp": "^2.0.0" } }, "sha512-XlkWvfIm6RmsWtNJx+uqtKLS8eqFbxUg0ZzLXqY0caEy9l7hruX8IpiDnjsLavoBgqCCR71TqWO8MaXYheJ3RQ=="],

    "string-width": ["string-width@4.2.3", "", { "dependencies": { "emoji-regex": "^8.0.0", "is-fullwidth-code-point": "^3.0.0", "strip-ansi": "^6.0.1" } }, "sha512-wKyQRQpjJ0sIp62ErSZdGsjMJWsap5oRNihHhu6G7JVO/9jIB6UyevL+tXuOqrng8j/cxKTWyWUwvSTriiZz/g=="],

    "strip-ansi": ["strip-ansi@6.0.1", "", { "dependencies": { "ansi-regex": "^5.0.1" } }, "sha512-Y38VPSHcqkFrCpFnQ9vuSXmquuv5oXOKpGeT6aGrr3o3Gc9AlVa6JBfUSOCnbxGGZF+/0ooI7KrPuUSztUdU5A=="],

    "strip-bom": ["strip-bom@4.0.0", "", {}, "sha512-3xurFv5tEgii33Zi8Jtp55wEIILR9eh34FAW00PZf+JnSsTmV/ioewSgQl97JHvgjoRGwPShsWm+IdrxB35d0w=="],

    "strip-json-comments": ["strip-json-comments@3.1.1", "", {}, "sha512-6fPc+R4ihwqP6N/aIv2f1gMH8lOVtWQHoqC4yK6oSDVVocumAsfCqjkXnqiYMhmMwS/mEHLp7Vehlt3ql6lEig=="],

    "supports-color": ["supports-color@8.1.1", "", { "dependencies": { "has-flag": "^4.0.0" } }, "sha512-MpUEN2OodtUzxvKQl72cUF7RQ5EiHsGvSsVG0ia9c5RbWGL2CI4C7EpPS8UTBIplnlzZiNuV56w+FuNxy3ty2Q=="],

    "tinyexec": ["tinyexec@1.0.2", "", {}, "sha512-W/KYk+NFhkmsYpuHq5JykngiOCnxeVL8v8dFnqxSD8qEEdRfXk1SDM6JzNqcERbcGYj9tMrDQBYV9cjgnunFIg=="],

    "tinyglobby": ["tinyglobby@0.2.15", "", { "dependencies": { "fdir": "^6.5.0", "picomatch": "^4.0.3" } }, "sha512-j2Zq4NyQYG5XMST4cbs02Ak8iJUdxRM0XI5QyxXuZOzKOINmWurp3smXu3y5wDcJrptwpSjgXHzIQxR0omXljQ=="],

    "ts-algebra": ["ts-algebra@2.0.0", "", {}, "sha512-FPAhNPFMrkwz76P7cdjdmiShwMynZYN6SgOujD1urY4oNm80Ou9oMdmbR45LotcKOXoy7wSmHkRFE6Mxbrhefw=="],

    "type-fest": ["type-fest@4.41.0", "", {}, "sha512-TeTSQ6H5YHvpqVwBRcnLDCBnDOHWYu7IvGbHT6N8AOymcr9PJGjc1GTtiWZTYg0NCgYwvnYWEkVChQAr9bjfwA=="],

    "typescript": ["typescript@5.9.3", "", { "bin": { "tsc": "bin/tsc", "tsserver": "bin/tsserver" } }, "sha512-jl1vZzPDinLr9eUt3J/t7V6FgNEw9QjvBPdysz9KfQDD41fQrC2Y4vKQdiaUpFT4bXlb1RHhLpp8wtm6M5TgSw=="],

    "ultracite": ["ultracite@7.1.2", "", { "dependencies": { "@clack/prompts": "^0.11.0", "commander": "^14.0.2", "deepmerge": "^4.3.1", "glob": "^13.0.0", "jsonc-parser": "^3.3.1", "nypm": "^0.6.4" }, "peerDependencies": { "oxlint": "^1.0.0" }, "optionalPeers": ["oxlint"], "bin": { "ultracite": "dist/index.js" } }, "sha512-9V3vh65wUljbm7KZsZIwmNldzO0T0ESe5YULgH8i80mM8O34+cTCYTELpQLVl4F06QAjwIGTUTHXGUK9UwZWcg=="],

    "undici-types": ["undici-types@7.16.0", "", {}, "sha512-Zz+aZWSj8LE6zoxD+xrjh4VfkIG8Ya6LvYkZqtUQGJPZjYl53ypCaUwWqo7eI0x66KBGeRo+mlBEkMSeSZ38Nw=="],

    "web-streams-polyfill": ["web-streams-polyfill@3.3.3", "", {}, "sha512-d2JWLCivmZYTSIoge9MsgFCZrt571BikcWGYkjC1khllbTeDlGqZ2D8vD8E/lJa8WGWbb7Plm8/XJYV7IJHZZw=="],

    "widest-line": ["widest-line@3.1.0", "", { "dependencies": { "string-width": "^4.0.0" } }, "sha512-NsmoXalsWVDMGupxZ5R08ka9flZjjiLvHVAWYOKtiKM8ujtZWr9cRffak+uSE48+Ob8ObalXpwyeUiyDD6QFgg=="],

    "wordwrap": ["wordwrap@1.0.0", "", {}, "sha512-gvVzJFlPycKc5dZN4yPkP8w7Dc37BtP1yczEneOb4uq34pXZcvrtRTmWV8W+Ume+XCxKgbjM+nevkyFPMybd4Q=="],

    "wrap-ansi": ["wrap-ansi@7.0.0", "", { "dependencies": { "ansi-styles": "^4.0.0", "string-width": "^4.1.0", "strip-ansi": "^6.0.0" } }, "sha512-YVGIj2kamLSTxw6NsZjoBxfSwsn0ycdesmc4p+Q21c5zPuZ1pl+NfxVdxPtdHvmNVOQ6XSYG4AUtyt/Fi7D16Q=="],

    "ws": ["ws@8.19.0", "", { "peerDependencies": { "bufferutil": "^4.0.1", "utf-8-validate": ">=5.0.2" }, "optionalPeers": ["bufferutil", "utf-8-validate"] }, "sha512-blAT2mjOEIi0ZzruJfIhb3nps74PRWTCz1IjglWEEpQl5XS/UNama6u2/rjFkDDouqr4L67ry+1aGIALViWjDg=="],

    "yoga-layout": ["yoga-layout@3.2.1", "", {}, "sha512-0LPOt3AxKqMdFBZA3HBAt/t/8vIKq7VaQYbuA8WxCgung+p9TVyKRYdpvCb80HcdTN2NkbIKbhNwKUfm3tQywQ=="],

    "zod": ["zod@4.3.6", "", {}, "sha512-rftlrkhHZOcjDwkGlnUtZZkvaPHCsDATp4pGpuOOMDaTdDDXF91wuVDJoWoPsKX/3YPQ5fHuF3STjcYyKr+Qhg=="],

    "@alcalzone/ansi-tokenize/is-fullwidth-code-point": ["is-fullwidth-code-point@5.1.0", "", { "dependencies": { "get-east-asian-width": "^1.3.1" } }, "sha512-5XHYaSyiqADb4RnZ1Bdad6cPp8Toise4TzEjcOYDHZkTCbKgiUl7WTUCpNWHuxmDt91wnsZBc9xinNzopv3JMQ=="],

    "@oclif/core/cli-spinners": ["cli-spinners@2.9.2", "", {}, "sha512-ywqV+5MmyL4E7ybXgKys4DugZbX0FC6LnwrhjuykIjnK9k8OQacQ7axGKnjDXWNhns0xot3bZI5h55H8yo9cJg=="],

    "ansi-escapes/type-fest": ["type-fest@0.21.3", "", {}, "sha512-t0rzBq87m3fVcduHDUFhKmyyX+9eo6WQjZvf51Ea/M0Q7+T374Jp1aUiyUl0GKxp8M/OETVHSDvmkyPgvX+X2w=="],

    "bun-types/@types/node": ["@types/node@22.19.7", "", { "dependencies": { "undici-types": "~6.21.0" } }, "sha512-MciR4AKGHWl7xwxkBa6xUGxQJ4VBOmPTF7sL+iGzuahOFaO0jHCsuEfS80pan1ef4gWId1oWOweIhrDEYLuaOw=="],

    "cli-truncate/string-width": ["string-width@8.1.1", "", { "dependencies": { "get-east-asian-width": "^1.3.0", "strip-ansi": "^7.1.0" } }, "sha512-KpqHIdDL9KwYk22wEOg/VIqYbrnLeSApsKT/bSj6Ez7pn3CftUiLAv2Lccpq1ALcpLV9UX1Ppn92npZWu2w/aw=="],

    "filelist/minimatch": ["minimatch@5.1.6", "", { "dependencies": { "brace-expansion": "^2.0.1" } }, "sha512-lKwV/1brpG6mBUFHtb7NUmtABCb2WZZmm2wNiOA5hAb8VdCS4B3dtMWyvcoViccwAW/COERjXLt0zP1zXUN26g=="],

    "glob/minimatch": ["minimatch@10.1.1", "", { "dependencies": { "@isaacs/brace-expansion": "^5.0.0" } }, "sha512-enIvLvRAFZYXJzkCYG5RKmPfrFArdLv+R+lbQ53BmIMLIry74bjKzX6iHAm8WYamJkhSSEabrWN5D97XnKObjQ=="],

    "ink/ansi-escapes": ["ansi-escapes@7.2.0", "", { "dependencies": { "environment": "^1.0.0" } }, "sha512-g6LhBsl+GBPRWGWsBtutpzBYuIIdBkLEvad5C/va/74Db018+5TZiyA26cZJAr3Rft5lprVqOIPxf5Vid6tqAw=="],

    "ink/indent-string": ["indent-string@5.0.0", "", {}, "sha512-m6FAo/spmsW2Ab2fU35JTYwtOKa2yAwXSwgjSv1TJzh4Mh7mC3lzAOVLBprb72XsTrgkEIsl7YrFNAiDiRhIGg=="],

    "ink/string-width": ["string-width@8.1.1", "", { "dependencies": { "get-east-asian-width": "^1.3.0", "strip-ansi": "^7.1.0" } }, "sha512-KpqHIdDL9KwYk22wEOg/VIqYbrnLeSApsKT/bSj6Ez7pn3CftUiLAv2Lccpq1ALcpLV9UX1Ppn92npZWu2w/aw=="],

    "ink/widest-line": ["widest-line@5.0.0", "", { "dependencies": { "string-width": "^7.0.0" } }, "sha512-c9bZp7b5YtRj2wOe6dlj32MK+Bx/M/d+9VB2SHM1OtsUHR0aV0tdP6DWh/iMt0kWi1t5g1Iudu6hQRNd1A4PVA=="],

    "ink/wrap-ansi": ["wrap-ansi@9.0.2", "", { "dependencies": { "ansi-styles": "^6.2.1", "string-width": "^7.0.0", "strip-ansi": "^7.1.0" } }, "sha512-42AtmgqjV+X1VpdOfyTGOYRi0/zsoLqtXQckTmqTeybT+BDIbM/Guxo7x3pE2vtpr1ok6xRqM9OpBe+Jyoqyww=="],

    "slice-ansi/is-fullwidth-code-point": ["is-fullwidth-code-point@5.1.0", "", { "dependencies": { "get-east-asian-width": "^1.3.1" } }, "sha512-5XHYaSyiqADb4RnZ1Bdad6cPp8Toise4TzEjcOYDHZkTCbKgiUl7WTUCpNWHuxmDt91wnsZBc9xinNzopv3JMQ=="],

    "stack-utils/escape-string-regexp": ["escape-string-regexp@2.0.0", "", {}, "sha512-UpzcLCXolUWcNu5HtVMHYdXJjArjsF9C0aNnquZYY4uW/Vu0miy5YoWvbV345HauVvcAUnpRuhMMcqTcGOY2+w=="],

    "wrap-ansi/ansi-styles": ["ansi-styles@4.3.0", "", { "dependencies": { "color-convert": "^2.0.1" } }, "sha512-zbB9rCJAT1rbjiVDb2hqKFHNYLxgtk8NURxZ3IZwD3F6NtxbXZQCnnSi1Lkx+IDohdPlFp222wVALIheZJQSEg=="],

    "bun-types/@types/node/undici-types": ["undici-types@6.21.0", "", {}, "sha512-iwDZqg0QAGrg9Rav5H4n0M64c3mkR59cJ6wQp+7C4nI0gsmExaedaYLNO44eT4AtBBwjbTiGPMlt2Md0T9H9JQ=="],

    "cli-truncate/string-width/strip-ansi": ["strip-ansi@7.1.2", "", { "dependencies": { "ansi-regex": "^6.0.1" } }, "sha512-gmBGslpoQJtgnMAvOVqGZpEz9dyoKTCzy2nfz/n8aIFhN/jCE/rCmcxabB6jOOHV+0WNnylOxaxBQPSvcWklhA=="],

    "ink/string-width/strip-ansi": ["strip-ansi@7.1.2", "", { "dependencies": { "ansi-regex": "^6.0.1" } }, "sha512-gmBGslpoQJtgnMAvOVqGZpEz9dyoKTCzy2nfz/n8aIFhN/jCE/rCmcxabB6jOOHV+0WNnylOxaxBQPSvcWklhA=="],

    "ink/widest-line/string-width": ["string-width@7.2.0", "", { "dependencies": { "emoji-regex": "^10.3.0", "get-east-asian-width": "^1.0.0", "strip-ansi": "^7.1.0" } }, "sha512-tsaTIkKW9b4N+AEj+SVA+WhJzV7/zMhcSu78mLKWSk7cXMOSHsBKFWUs0fWwq8QyK3MgJBQRX6Gbi4kYbdvGkQ=="],

    "ink/wrap-ansi/string-width": ["string-width@7.2.0", "", { "dependencies": { "emoji-regex": "^10.3.0", "get-east-asian-width": "^1.0.0", "strip-ansi": "^7.1.0" } }, "sha512-tsaTIkKW9b4N+AEj+SVA+WhJzV7/zMhcSu78mLKWSk7cXMOSHsBKFWUs0fWwq8QyK3MgJBQRX6Gbi4kYbdvGkQ=="],

    "ink/wrap-ansi/strip-ansi": ["strip-ansi@7.1.2", "", { "dependencies": { "ansi-regex": "^6.0.1" } }, "sha512-gmBGslpoQJtgnMAvOVqGZpEz9dyoKTCzy2nfz/n8aIFhN/jCE/rCmcxabB6jOOHV+0WNnylOxaxBQPSvcWklhA=="],

    "cli-truncate/string-width/strip-ansi/ansi-regex": ["ansi-regex@6.2.2", "", {}, "sha512-Bq3SmSpyFHaWjPk8If9yc6svM8c56dB5BAtW4Qbw5jHTwwXXcTLoRMkpDJp6VL0XzlWaCHTXrkFURMYmD0sLqg=="],

    "ink/string-width/strip-ansi/ansi-regex": ["ansi-regex@6.2.2", "", {}, "sha512-Bq3SmSpyFHaWjPk8If9yc6svM8c56dB5BAtW4Qbw5jHTwwXXcTLoRMkpDJp6VL0XzlWaCHTXrkFURMYmD0sLqg=="],

    "ink/widest-line/string-width/emoji-regex": ["emoji-regex@10.6.0", "", {}, "sha512-toUI84YS5YmxW219erniWD0CIVOo46xGKColeNQRgOzDorgBi1v4D71/OFzgD9GO2UGKIv1C3Sp8DAn0+j5w7A=="],

    "ink/widest-line/string-width/strip-ansi": ["strip-ansi@7.1.2", "", { "dependencies": { "ansi-regex": "^6.0.1" } }, "sha512-gmBGslpoQJtgnMAvOVqGZpEz9dyoKTCzy2nfz/n8aIFhN/jCE/rCmcxabB6jOOHV+0WNnylOxaxBQPSvcWklhA=="],

    "ink/wrap-ansi/string-width/emoji-regex": ["emoji-regex@10.6.0", "", {}, "sha512-toUI84YS5YmxW219erniWD0CIVOo46xGKColeNQRgOzDorgBi1v4D71/OFzgD9GO2UGKIv1C3Sp8DAn0+j5w7A=="],

    "ink/wrap-ansi/strip-ansi/ansi-regex": ["ansi-regex@6.2.2", "", {}, "sha512-Bq3SmSpyFHaWjPk8If9yc6svM8c56dB5BAtW4Qbw5jHTwwXXcTLoRMkpDJp6VL0XzlWaCHTXrkFURMYmD0sLqg=="],

    "ink/widest-line/string-width/strip-ansi/ansi-regex": ["ansi-regex@6.2.2", "", {}, "sha512-Bq3SmSpyFHaWjPk8If9yc6svM8c56dB5BAtW4Qbw5jHTwwXXcTLoRMkpDJp6VL0XzlWaCHTXrkFURMYmD0sLqg=="],
  }
}
